
Microsoft Visual Studio Solution File, Format Version 12.00
# Visual Studio 15
Project("{FAE04EC0-301F-11D3-BF4B-00C04F79EFBC}") = "Driller Game", "Assembly-CSharp.csproj", "{F40D9603-E841-FB16-6D4A-33473E472508}"
EndProject
Project("{FAE04EC0-301F-11D3-BF4B-00C04F79EFBC}") = "Driller Game", "Assembly-CSharp-firstpass.csproj", "{CA19502A-6378-EA69-6F3E-E3789F13A7C9}"
EndProject
Global
	GlobalSection(SolutionConfigurationPlatforms) = preSolution
		Debug|Any CPU = Debug|Any CPU
		Release|Any CPU = Release|Any CPU
	EndGlobalSection
	GlobalSection(ProjectConfigurationPlatforms) = postSolution
		{F40D9603-E841-FB16-6D4A-33473E472508}.Debug|Any CPU.ActiveCfg = Debug|Any CPU
		{F40D9603-E841-FB16-6D4A-33473E472508}.Debug|Any CPU.Build.0 = Debug|Any CPU
		{F40D9603-E841-FB16-6D4A-33473E472508}.Release|Any CPU.ActiveCfg = Release|Any CPU
		{F40D9603-E841-FB16-6D4A-33473E472508}.Release|Any CPU.Build.0 = Release|Any CPU
		{CA19502A-6378-EA69-6F3E-E3789F13A7C9}.Debug|Any CPU.ActiveCfg = Debug|Any CPU
		{CA19502A-6378-EA69-6F3E-E3789F13A7C9}.Debug|Any CPU.Build.0 = Debug|Any CPU
		{CA19502A-6378-EA69-6F3E-E3789F13A7C9}.Release|Any CPU.ActiveCfg = Release|Any CPU
		{CA19502A-6378-EA69-6F3E-E3789F13A7C9}.Release|Any CPU.Build.0 = Release|Any CPU
	EndGlobalSection
	GlobalSection(SolutionProperties) = preSolution
		HideSolutionNode = FALSE
	EndGlobalSection
EndGlobal
